{
  "nodes": {
    "crane": {
      "inputs": {
        "nixpkgs": [
          "playit-nixos-module",
          "nixpkgs"
        ]
      },
      "locked": {
        "lastModified": 1712681629,
        "narHash": "sha256-bMDXn4AkTXLCpoZbII6pDGoSeSe9gI87jxPsHRXgu/E=",
        "owner": "ipetkov",
        "repo": "crane",
        "rev": "220387ac8e99cbee0ca4c95b621c4bc782b6a235",
        "type": "github"
      },
      "original": {
        "owner": "ipetkov",
        "repo": "crane",
        "type": "github"
      }
    },
    "flake-compat": {
      "flake": false,
      "locked": {
        "lastModified": 1696426674,
        "narHash": "sha256-kvjfFW7WAETZlt09AgDn1MrtKzP7t90Vf7vypd3OL1U=",
        "owner": "edolstra",
        "repo": "flake-compat",
        "rev": "0f9255e01c2351cc7d116c072cb317785dd33b33",
        "type": "github"
      },
      "original": {
        "owner": "edolstra",
        "repo": "flake-compat",
        "type": "github"
      }
    },
    "flake-parts": {
      "inputs": {
        "nixpkgs-lib": "nixpkgs-lib"
      },
      "locked": {
        "lastModified": 1712014858,
        "narHash": "sha256-sB4SWl2lX95bExY2gMFG5HIzvva5AVMJd4Igm+GpZNw=",
        "owner": "hercules-ci",
        "repo": "flake-parts",
        "rev": "9126214d0a59633752a136528f5f3b9aa8565b7d",
        "type": "github"
      },
      "original": {
        "owner": "hercules-ci",
        "repo": "flake-parts",
        "type": "github"
      }
    },
    "flake-parts_2": {
      "inputs": {
        "nixpkgs-lib": [
          "prismlauncher",
          "nixpkgs"
        ]
      },
      "locked": {
        "lastModified": 1698882062,
        "narHash": "sha256-HkhafUayIqxXyHH1X8d9RDl1M2CkFgZLjKD3MzabiEo=",
        "owner": "hercules-ci",
        "repo": "flake-parts",
        "rev": "8c9fa2545007b49a5db5f650ae91f227672c3877",
        "type": "github"
      },
      "original": {
        "owner": "hercules-ci",
        "repo": "flake-parts",
        "type": "github"
      }
    },
    "flake-utils": {
      "inputs": {
        "systems": [
          "playit-nixos-module",
          "systems"
        ]
      },
      "locked": {
        "lastModified": 1710146030,
        "narHash": "sha256-SZ5L6eA7HJ/nmkzGG7/ISclqe6oZdOZTNoesiInkXPQ=",
        "owner": "numtide",
        "repo": "flake-utils",
        "rev": "b1d9ab70662946ef0850d488da1c9019f3a9752a",
        "type": "github"
      },
      "original": {
        "owner": "numtide",
        "repo": "flake-utils",
        "type": "github"
      }
    },
    "flake-utils_2": {
      "inputs": {
        "systems": "systems_2"
      },
      "locked": {
        "lastModified": 1685518550,
        "narHash": "sha256-o2d0KcvaXzTrPRIo0kOLV0/QXHhDQ5DTi+OxcjO8xqY=",
        "owner": "numtide",
        "repo": "flake-utils",
        "rev": "a1720a10a6cfe8234c0e93907ffe81be440f4cef",
        "type": "github"
      },
      "original": {
        "owner": "numtide",
        "repo": "flake-utils",
        "type": "github"
      }
    },
    "flake-utils_3": {
      "inputs": {
        "systems": "systems_3"
      },
      "locked": {
        "lastModified": 1685518550,
        "narHash": "sha256-o2d0KcvaXzTrPRIo0kOLV0/QXHhDQ5DTi+OxcjO8xqY=",
        "owner": "numtide",
        "repo": "flake-utils",
        "rev": "a1720a10a6cfe8234c0e93907ffe81be440f4cef",
        "type": "github"
      },
      "original": {
        "owner": "numtide",
        "repo": "flake-utils",
        "type": "github"
      }
    },
    "gitignore": {
      "inputs": {
        "nixpkgs": [
          "prismlauncher",
          "pre-commit-hooks",
          "nixpkgs"
        ]
      },
      "locked": {
        "lastModified": 1660459072,
        "narHash": "sha256-8DFJjXG8zqoONA1vXtgeKXy68KdJL5UaXR8NtVMUbx8=",
        "owner": "hercules-ci",
        "repo": "gitignore.nix",
        "rev": "a20de23b925fd8264fd7fad6454652e142fd7f73",
        "type": "github"
      },
      "original": {
        "owner": "hercules-ci",
        "repo": "gitignore.nix",
        "type": "github"
      }
    },
    "home-manager": {
      "inputs": {
        "nixpkgs": [
          "nixpkgs"
        ]
      },
      "locked": {
        "lastModified": 1714203603,
        "narHash": "sha256-eT7DENhYy7EPLOqHI9zkIMD9RvMCXcqh6gGqOK5BWYQ=",
        "owner": "nix-community",
        "repo": "home-manager",
        "rev": "c1609d584a6b5e9e6a02010f51bd368cb4782f8e",
        "type": "github"
      },
      "original": {
        "owner": "nix-community",
        "repo": "home-manager",
        "type": "github"
      }
    },
    "libnbtplusplus": {
      "flake": false,
      "locked": {
        "lastModified": 1699286814,
        "narHash": "sha256-yy0q+bky80LtK1GWzz7qpM+aAGrOqLuewbid8WT1ilk=",
        "owner": "PrismLauncher",
        "repo": "libnbtplusplus",
        "rev": "23b955121b8217c1c348a9ed2483167a6f3ff4ad",
        "type": "github"
      },
      "original": {
        "owner": "PrismLauncher",
        "repo": "libnbtplusplus",
        "type": "github"
      }
    },
    "nix-filter": {
      "locked": {
        "lastModified": 1694857738,
        "narHash": "sha256-bxxNyLHjhu0N8T3REINXQ2ZkJco0ABFPn6PIe2QUfqo=",
        "owner": "numtide",
        "repo": "nix-filter",
        "rev": "41fd48e00c22b4ced525af521ead8792402de0ea",
        "type": "github"
      },
      "original": {
        "owner": "numtide",
        "repo": "nix-filter",
        "type": "github"
      }
    },
    "nixpkgs": {
      "locked": {
        "lastModified": 1714253743,
        "narHash": "sha256-mdTQw2XlariysyScCv2tTE45QSU9v/ezLcHJ22f0Nxc=",
        "owner": "nixos",
        "repo": "nixpkgs",
        "rev": "58a1abdbae3217ca6b702f03d3b35125d88a2994",
        "type": "github"
      },
      "original": {
        "owner": "nixos",
        "ref": "nixos-unstable",
        "repo": "nixpkgs",
        "type": "github"
      }
    },
    "nixpkgs-lib": {
      "locked": {
        "dir": "lib",
        "lastModified": 1711703276,
        "narHash": "sha256-iMUFArF0WCatKK6RzfUJknjem0H9m4KgorO/p3Dopkk=",
        "owner": "NixOS",
        "repo": "nixpkgs",
        "rev": "d8fe5e6c92d0d190646fb9f1056741a229980089",
        "type": "github"
      },
      "original": {
        "dir": "lib",
        "owner": "NixOS",
        "ref": "nixos-unstable",
        "repo": "nixpkgs",
        "type": "github"
      }
    },
    "nixpkgs_2": {
      "locked": {
        "lastModified": 1712791164,
        "narHash": "sha256-3sbWO1mbpWsLepZGbWaMovSO7ndZeFqDSdX0hZ9nVyw=",
        "owner": "NixOS",
        "repo": "nixpkgs",
        "rev": "1042fd8b148a9105f3c0aca3a6177fd1d9360ba5",
        "type": "github"
      },
      "original": {
        "owner": "NixOS",
        "ref": "nixos-unstable",
        "repo": "nixpkgs",
        "type": "github"
      }
    },
    "nixpkgs_3": {
      "locked": {
        "lastModified": 1700856099,
        "narHash": "sha256-RnEA7iJ36Ay9jI0WwP+/y4zjEhmeN6Cjs9VOFBH7eVQ=",
        "owner": "nixos",
        "repo": "nixpkgs",
        "rev": "0bd59c54ef06bc34eca01e37d689f5e46b3fe2f1",
        "type": "github"
      },
      "original": {
        "owner": "nixos",
        "ref": "nixpkgs-unstable",
        "repo": "nixpkgs",
        "type": "github"
      }
    },
    "nixpkgs_4": {
      "locked": {
        "lastModified": 1686020360,
        "narHash": "sha256-Wee7lIlZ6DIZHHLiNxU5KdYZQl0iprENXa/czzI6Cj4=",
        "owner": "NixOS",
        "repo": "nixpkgs",
        "rev": "4729ffac6fd12e26e5a8de002781ffc49b0e94b7",
        "type": "github"
      },
      "original": {
        "owner": "NixOS",
        "ref": "nixos-unstable",
        "repo": "nixpkgs",
        "type": "github"
      }
    },
    "nur": {
      "locked": {
        "lastModified": 1714304964,
        "narHash": "sha256-qVenqLZCvtLlJs/BnoCI8aFJTKnvTBZR+c4iPIHnrjs=",
        "owner": "nix-community",
        "repo": "nur",
        "rev": "b196e8da8e8a49495973a09c66722feecf6105d2",
        "type": "github"
      },
      "original": {
        "owner": "nix-community",
        "repo": "nur",
        "type": "github"
      }
    },
    "playit-agent-source": {
      "flake": false,
      "locked": {
        "lastModified": 1709245332,
        "narHash": "sha256-RRN0KAgFVXQGU6LdNWClBFlqO+Nl4SMNXDWfV0lOhAE=",
        "owner": "playit-cloud",
        "repo": "playit-agent",
        "rev": "ccac738805be49e657f55bd78cd7021a6fc0e9f6",
        "type": "github"
      },
      "original": {
        "owner": "playit-cloud",
        "repo": "playit-agent",
        "type": "github"
      }
    },
    "playit-nixos-module": {
      "inputs": {
        "crane": "crane",
        "flake-parts": "flake-parts",
        "flake-utils": "flake-utils",
        "nixpkgs": "nixpkgs_2",
        "playit-agent-source": "playit-agent-source",
        "rust-overlay": "rust-overlay",
        "systems": "systems"
      },
      "locked": {
        "lastModified": 1713225267,
        "narHash": "sha256-Q9dinp9/bTe6yWEfjUGd/KIdE1KvVg+pI9mnJjQwLnI=",
        "owner": "pedorich-n",
        "repo": "playit-nixos-module",
        "rev": "29d393b50b55e4e311a32cf0694a8328f0e7cec3",
        "type": "github"
      },
      "original": {
        "owner": "pedorich-n",
        "repo": "playit-nixos-module",
        "type": "github"
      }
    },
    "pre-commit-hooks": {
      "inputs": {
        "flake-compat": [
          "prismlauncher",
          "flake-compat"
        ],
        "flake-utils": "flake-utils_2",
        "gitignore": "gitignore",
        "nixpkgs": [
          "prismlauncher",
          "nixpkgs"
        ],
        "nixpkgs-stable": [
          "prismlauncher",
          "nixpkgs"
        ]
      },
      "locked": {
        "lastModified": 1700922917,
        "narHash": "sha256-ej2fch/T584b5K9sk1UhmZF7W6wEfDHuoUYpFN8dtvM=",
        "owner": "cachix",
        "repo": "pre-commit-hooks.nix",
        "rev": "e5ee5c5f3844550c01d2131096c7271cec5e9b78",
        "type": "github"
      },
      "original": {
        "owner": "cachix",
        "repo": "pre-commit-hooks.nix",
        "type": "github"
      }
    },
    "prismlauncher": {
      "inputs": {
        "flake-compat": "flake-compat",
        "flake-parts": "flake-parts_2",
        "libnbtplusplus": "libnbtplusplus",
        "nix-filter": "nix-filter",
        "nixpkgs": "nixpkgs_3",
        "pre-commit-hooks": "pre-commit-hooks"
      },
      "locked": {
        "lastModified": 1714302453,
        "narHash": "sha256-6jMta02zTb7xJ29O1ZTQh/BCsRKlxiKklA/xUkUGtNU=",
        "owner": "julcioo",
        "repo": "PrismLauncher-Cracked",
        "rev": "9f80445644b1ccc6a794770b3a08aa5cdf30047c",
        "type": "github"
      },
      "original": {
        "owner": "julcioo",
        "repo": "PrismLauncher-Cracked",
        "type": "github"
      }
    },
    "root": {
      "inputs": {
        "home-manager": "home-manager",
        "nixpkgs": "nixpkgs",
        "nur": "nur",
        "playit-nixos-module": "playit-nixos-module",
        "prismlauncher": "prismlauncher",
        "spicetify-nix": "spicetify-nix",
        "tridactyl-native-messenger": "tridactyl-native-messenger"
      }
    },
    "rust-overlay": {
      "inputs": {
        "flake-utils": [
          "playit-nixos-module",
          "flake-utils"
        ],
        "nixpkgs": [
          "playit-nixos-module",
          "nixpkgs"
        ]
      },
      "locked": {
        "lastModified": 1713062877,
        "narHash": "sha256-msvDk9+qkD4jvMf63PieGRy+hHk0VIKruivHM1BmCM8=",
        "owner": "oxalica",
        "repo": "rust-overlay",
        "rev": "5990088d56f0b936fa2633c2a4d76b8d36a01105",
        "type": "github"
      },
      "original": {
        "owner": "oxalica",
        "repo": "rust-overlay",
        "type": "github"
      }
    },
    "spicetify-nix": {
      "inputs": {
        "flake-utils": "flake-utils_3",
        "nixpkgs": "nixpkgs_4"
      },
      "locked": {
        "lastModified": 1704167711,
        "narHash": "sha256-kFDq+kf/Di/P8bq5sUP8pVwRkrSVrABksBjMPmLic3s=",
        "owner": "the-argus",
        "repo": "spicetify-nix",
        "rev": "1325416f951d6a82cfddb1289864ad782e2b87c4",
        "type": "github"
      },
      "original": {
        "owner": "the-argus",
        "repo": "spicetify-nix",
        "type": "github"
      }
    },
    "systems": {
      "locked": {
        "lastModified": 1681028828,
        "narHash": "sha256-Vy1rq5AaRuLzOxct8nz4T6wlgyUR7zLU309k9mBC768=",
        "owner": "nix-systems",
        "repo": "default",
        "rev": "da67096a3b9bf56a91d16901293e51ba5b49a27e",
        "type": "github"
      },
      "original": {
        "owner": "nix-systems",
        "repo": "default",
        "type": "github"
      }
    },
    "systems_2": {
      "locked": {
        "lastModified": 1681028828,
        "narHash": "sha256-Vy1rq5AaRuLzOxct8nz4T6wlgyUR7zLU309k9mBC768=",
        "owner": "nix-systems",
        "repo": "default",
        "rev": "da67096a3b9bf56a91d16901293e51ba5b49a27e",
        "type": "github"
      },
      "original": {
        "owner": "nix-systems",
        "repo": "default",
        "type": "github"
      }
    },
    "systems_3": {
      "locked": {
        "lastModified": 1681028828,
        "narHash": "sha256-Vy1rq5AaRuLzOxct8nz4T6wlgyUR7zLU309k9mBC768=",
        "owner": "nix-systems",
        "repo": "default",
        "rev": "da67096a3b9bf56a91d16901293e51ba5b49a27e",
        "type": "github"
      },
      "original": {
        "owner": "nix-systems",
        "repo": "default",
        "type": "github"
      }
    },
    "tridactyl-native-messenger": {
      "flake": false,
      "locked": {
        "lastModified": 1700481257,
        "narHash": "sha256-gicdpWAoimZMNGLc8w0vtJiFFxeqxB8P4lgWDun7unM=",
        "owner": "tridactyl",
        "repo": "native_messenger",
        "rev": "3059abd9fb3f14d598f6c299335c3ebac5bc689a",
        "type": "github"
      },
      "original": {
        "owner": "tridactyl",
        "repo": "native_messenger",
        "type": "github"
      }
    }
  },
  "root": "root",
  "version": 7
}
